{"version":4,"terraform_version":"1.9.0","serial":4,"lineage":"f2ce6d7c-54e6-49f0-9382-e2f917427253","outputs":{},"resources":[{"mode":"managed","type":"proxmox_virtual_environment_download_file","name":"ubuntu-24-04","provider":"provider[\"registry.opentofu.org/bpg/proxmox\"]","instances":[{"schema_version":0,"attributes":{"checksum":"d6dab0c3a657988501b4bd76f1297c053df710e06e0c3aece60dead24f270b4d","checksum_algorithm":"sha256","content_type":"iso","datastore_id":"local","decompression_algorithm":null,"file_name":"ubuntu-24.04.2-live-server-amd64.iso","id":"local:iso/ubuntu-24.04.2-live-server-amd64.iso","node_name":"pve-01","overwrite":true,"overwrite_unmanaged":true,"size":3213064192,"upload_timeout":600,"url":"https://releases.ubuntu.com/24.04.2/ubuntu-24.04.2-live-server-amd64.iso","verify":true},"sensitive_attributes":[]}]},{"mode":"managed","type":"proxmox_virtual_environment_file","name":"user_config","provider":"provider[\"registry.opentofu.org/bpg/proxmox\"]","instances":[{"schema_version":0,"attributes":{"content_type":"snippets","datastore_id":"local","file_mode":null,"file_modification_date":null,"file_name":"user-config.yaml","file_size":null,"file_tag":null,"id":"local:snippets/user-config.yaml","node_name":"pve-01","overwrite":true,"source_file":[],"source_raw":[{"data":"#cloud-config\nhostname: home-controller-01\npackage_upgrade: true\nusers:\n  - default\n  - name: brico\n    gecos: My simple user\n    ssh_authorized_keys:\n      - ecdsa-sha2-nistp256 AAAAE2VjZHNhLXNoYTItbmlzdHAyNTYAAAAIbmlzdHAyNTYAAABBBMeh4JmSxMh2YO2biDzQpCkUxjkGMjsAoYIXKupEJOt9rvA2X3AjSZZz/hF9sbV/GWQJaEkhpukVWE0WBXHm98Q=\n    lock_passwd: false\n    sudo: [\"ALL=(ALL) NOPASSWD:ALL\"]\n    shell: /bin/bash\n","file_name":"user-config.yaml","resize":0}],"timeout_upload":1800},"sensitive_attributes":[],"private":"bnVsbA=="}]},{"mode":"managed","type":"proxmox_virtual_environment_file","name":"vendor_config","provider":"provider[\"registry.opentofu.org/bpg/proxmox\"]","instances":[{"schema_version":0,"attributes":{"content_type":"snippets","datastore_id":"local","file_mode":null,"file_modification_date":null,"file_name":"vendor-config.yaml","file_size":null,"file_tag":null,"id":"local:snippets/vendor-config.yaml","node_name":"pve-01","overwrite":true,"source_file":[],"source_raw":[{"data":"#cloud-config\npackage_update: true\npackages:\n  - qemu-guest-agent\nruncmd:\n  - systemctl enable --now qemu-guest-agent\n","file_name":"vendor-config.yaml","resize":0}],"timeout_upload":1800},"sensitive_attributes":[],"private":"bnVsbA=="}]},{"mode":"managed","type":"proxmox_virtual_environment_vm","name":"ubuntu-24-04","provider":"provider[\"registry.opentofu.org/bpg/proxmox\"]","instances":[{"schema_version":0,"attributes":{"acpi":true,"agent":[{"enabled":true,"timeout":"15m","trim":false,"type":"virtio"}],"audio_device":[],"bios":"seabios","boot_order":null,"cdrom":[],"clone":[],"cpu":[{"affinity":"","architecture":"","cores":2,"flags":null,"hotplugged":0,"limit":0,"numa":false,"sockets":1,"type":"qemu64","units":1024}],"description":"Ubuntu 24.04  created with Terraform","disk":[{"aio":"io_uring","backup":true,"cache":"none","datastore_id":"local-lvm","discard":"on","file_format":"raw","file_id":"local:iso/ubuntu-24.04.2-live-server-amd64.iso","interface":"virtio0","iothread":true,"path_in_datastore":"vm-103-disk-0","replicate":true,"serial":"","size":8,"speed":[],"ssd":false}],"efi_disk":[],"hook_script_file_id":null,"hostpci":[],"id":"103","initialization":[{"datastore_id":"local-lvm","dns":[],"interface":"ide2","ip_config":[{"ipv4":[{"address":"192.168.1.110/24","gateway":""}],"ipv6":[]}],"meta_data_file_id":"","network_data_file_id":"","type":"","user_account":[],"user_data_file_id":"local:snippets/user-config.yaml","vendor_data_file_id":"local:snippets/vendor-config.yaml"}],"ipv4_addresses":[],"ipv6_addresses":[],"keyboard_layout":"en-us","kvm_arguments":"","mac_addresses":[],"machine":"","memory":[{"dedicated":2048,"floating":2048,"hugepages":"","keep_hugepages":false,"shared":0}],"migrate":false,"name":"home-controller-01","network_device":[{"bridge":"vmbr0","disconnected":false,"enabled":true,"firewall":false,"mac_address":"BC:24:11:39:FB:A7","model":"virtio","mtu":0,"queues":0,"rate_limit":0,"trunks":"","vlan_id":0}],"network_interface_names":[],"node_name":"pve-01","numa":[],"on_boot":true,"operating_system":[{"type":"l26"}],"pool_id":null,"protection":false,"reboot":false,"reboot_after_update":true,"rng":[],"scsi_hardware":"virtio-scsi-pci","serial_device":[],"smbios":[],"started":true,"startup":[],"stop_on_destroy":false,"tablet_device":true,"tags":["terraform","ubuntu"],"template":false,"timeout_clone":1800,"timeout_create":1800,"timeout_migrate":1800,"timeout_move_disk":1800,"timeout_reboot":1800,"timeout_shutdown_vm":1800,"timeout_start_vm":1800,"timeout_stop_vm":300,"tpm_state":[],"usb":[],"vga":[],"vm_id":103,"watchdog":[]},"sensitive_attributes":[],"private":"bnVsbA==","dependencies":["proxmox_virtual_environment_download_file.ubuntu-24-04","proxmox_virtual_environment_file.user_config","proxmox_virtual_environment_file.vendor_config"]}]}],"check_results":null}
