{"version":4,"terraform_version":"1.9.0","serial":24,"lineage":"be164534-e0e4-fa46-3460-d9d358d59b92","outputs":{},"resources":[{"mode":"managed","type":"proxmox_virtual_environment_download_file","name":"ubuntu-24-04","provider":"provider[\"registry.opentofu.org/bpg/proxmox\"]","instances":[{"schema_version":0,"attributes":{"checksum":"d6dab0c3a657988501b4bd76f1297c053df710e06e0c3aece60dead24f270b4d","checksum_algorithm":"sha256","content_type":"iso","datastore_id":"local","decompression_algorithm":null,"file_name":"ubuntu-24.04.2-live-server-amd64.iso","id":"local:iso/ubuntu-24.04.2-live-server-amd64.iso","node_name":"pve-01","overwrite":true,"overwrite_unmanaged":true,"size":3213064192,"upload_timeout":600,"url":"https://releases.ubuntu.com/24.04.2/ubuntu-24.04.2-live-server-amd64.iso","verify":false},"sensitive_attributes":[]}]},{"mode":"managed","type":"proxmox_virtual_environment_file","name":"user_config","provider":"provider[\"registry.opentofu.org/bpg/proxmox\"]","instances":[{"schema_version":0,"attributes":{"content_type":"snippets","datastore_id":"local","file_mode":null,"file_modification_date":null,"file_name":"user-config.yaml","file_size":null,"file_tag":null,"id":"local:snippets/user-config.yaml","node_name":"pve-01","overwrite":true,"source_file":[],"source_raw":[{"data":"#cloud-config\nhostname: home-controller-01\nusers:\n  - name: brico\n    gecos: My simple user\n    ssh_authorized_keys:\n      - ecdsa-sha2-nistp256 AAAAE2VjZHNhLXNoYTItbmlzdHAyNTYAAAAIbmlzdHAyNTYAAABBBMeh4JmSxMh2YO2biDzQpCkUxjkGMjsAoYIXKupEJOt9rvA2X3AjSZZz/hF9sbV/GWQJaEkhpukVWE0WBXHm98Q=\n    lock_passwd: false\n    sudo: [\"ALL=(ALL) NOPASSWD:ALL\"]\n    shell: /bin/bash\n","file_name":"user-config.yaml","resize":0}],"timeout_upload":1800},"sensitive_attributes":[],"private":"bnVsbA=="}]},{"mode":"managed","type":"proxmox_virtual_environment_file","name":"vendor_config","provider":"provider[\"registry.opentofu.org/bpg/proxmox\"]","instances":[{"schema_version":0,"attributes":{"content_type":"snippets","datastore_id":"local","file_mode":null,"file_modification_date":null,"file_name":"vendor-config.yaml","file_size":null,"file_tag":null,"id":"local:snippets/vendor-config.yaml","node_name":"pve-01","overwrite":true,"source_file":[],"source_raw":[{"data":"#cloud-config\npackage_update: true\npackages:\n  - qemu-guest-agent\nruncmd:\n  - systemctl enable --now qemu-guest-agent\n","file_name":"vendor-config.yaml","resize":0}],"timeout_upload":1800},"sensitive_attributes":[],"private":"bnVsbA=="}]}],"check_results":null}
