{"version":4,"terraform_version":"1.11.4","serial":2,"lineage":"ee9c31f8-ebb8-be6f-bf84-67f3adb8c92f","outputs":{},"resources":[{"module":"module.talos_cp_01","mode":"managed","type":"proxmox_virtual_environment_vm","name":"talos_node","provider":"module.talos_cp_01.provider[\"registry.opentofu.org/bpg/proxmox\"]","instances":[{"schema_version":0,"attributes":{"acpi":true,"agent":[{"enabled":true,"timeout":"15m","trim":false,"type":"virtio","wait_for_ip":[]}],"amd_sev":[],"audio_device":[],"bios":"seabios","boot_order":["scsi0","ide2"],"cdrom":[{"enabled":false,"file_id":"local:iso/nocloud-amd64.iso","interface":"ide2"}],"clone":[],"cpu":[{"affinity":"","architecture":"","cores":2,"flags":null,"hotplugged":0,"limit":0,"numa":false,"sockets":1,"type":"host","units":0}],"delete_unreferenced_disks_on_destroy":true,"description":"Talos Linux created with OpenTofu","disk":[{"aio":"io_uring","backup":true,"cache":"none","datastore_id":"local-lvm","discard":"on","file_format":"raw","file_id":"","import_from":"","interface":"scsi0","iothread":false,"path_in_datastore":"vm-102-disk-0","replicate":true,"serial":"","size":30,"speed":[],"ssd":false}],"efi_disk":[],"hook_script_file_id":null,"hostpci":[],"hotplug":null,"id":"102","initialization":[{"datastore_id":"","dns":[],"file_format":"","interface":"","ip_config":[{"ipv4":[{"address":"dhcp","gateway":""}],"ipv6":[]}],"meta_data_file_id":"","network_data_file_id":"","type":"","user_account":[],"user_data_file_id":"","vendor_data_file_id":""}],"ipv4_addresses":[["127.0.0.1"],[],[],[],[],[],[],["10.40.0.85"]],"ipv6_addresses":[["::1"],[],[],[],[],[],[],["fe80::be24:11ff:fe6f:e1cc"]],"keyboard_layout":"en-us","kvm_arguments":"","mac_addresses":["00:00:00:00:00:00","62:5D:C1:B6:39:73","E6:4E:FD:94:50:F5","00:00:00:00:00:00","00:00:00:00:00:00","00:00:00:00:00:00","00:00:00:00:00:00","BC:24:11:6F:E1:CC"],"machine":"","memory":[{"dedicated":4096,"floating":0,"hugepages":"","keep_hugepages":false,"shared":0}],"migrate":false,"name":"talos-cp-01","network_device":[{"bridge":"vmbr1","disconnected":false,"enabled":true,"firewall":false,"mac_address":"BC:24:11:6F:E1:CC","model":"virtio","mtu":0,"queues":0,"rate_limit":0,"trunks":"","vlan_id":40}],"network_interface_names":["lo","bond0","dummy0","teql0","tunl0","sit0","ip6tnl0","eth0"],"node_name":"ovh-pve-01","numa":[],"on_boot":true,"operating_system":[{"type":"l26"}],"pool_id":"","protection":false,"purge_on_destroy":true,"reboot":false,"reboot_after_update":true,"rng":[],"scsi_hardware":"virtio-scsi-pci","serial_device":[],"smbios":[],"started":true,"startup":[],"stop_on_destroy":false,"tablet_device":true,"tags":null,"template":false,"timeout_clone":1800,"timeout_create":1800,"timeout_migrate":1800,"timeout_move_disk":1800,"timeout_reboot":1800,"timeout_shutdown_vm":1800,"timeout_start_vm":1800,"timeout_stop_vm":300,"tpm_state":[],"usb":[],"vga":[],"virtiofs":[],"vm_id":102,"watchdog":[]},"sensitive_attributes":[],"private":"bnVsbA=="}]},{"module":"module.talos_worker_01","mode":"managed","type":"proxmox_virtual_environment_vm","name":"talos_node","provider":"module.talos_worker_01.provider[\"registry.opentofu.org/bpg/proxmox\"]","instances":[{"schema_version":0,"attributes":{"acpi":true,"agent":[{"enabled":true,"timeout":"15m","trim":false,"type":"virtio","wait_for_ip":[]}],"amd_sev":[],"audio_device":[],"bios":"seabios","boot_order":["scsi0","ide2"],"cdrom":[{"enabled":false,"file_id":"local:iso/nocloud-amd64.iso","interface":"ide2"}],"clone":[],"cpu":[{"affinity":"","architecture":"","cores":4,"flags":null,"hotplugged":0,"limit":0,"numa":false,"sockets":1,"type":"host","units":0}],"delete_unreferenced_disks_on_destroy":true,"description":"Talos Linux created with OpenTofu","disk":[{"aio":"io_uring","backup":true,"cache":"none","datastore_id":"local-lvm","discard":"on","file_format":"raw","file_id":"","import_from":"","interface":"scsi0","iothread":false,"path_in_datastore":"vm-103-disk-0","replicate":true,"serial":"","size":30,"speed":[],"ssd":false}],"efi_disk":[],"hook_script_file_id":null,"hostpci":[],"hotplug":null,"id":"103","initialization":[{"datastore_id":"","dns":[],"file_format":"","interface":"","ip_config":[{"ipv4":[{"address":"dhcp","gateway":""}],"ipv6":[]}],"meta_data_file_id":"","network_data_file_id":"","type":"","user_account":[],"user_data_file_id":"","vendor_data_file_id":""}],"ipv4_addresses":[["127.0.0.1"],[],[],[],[],[],[],["10.40.0.96"]],"ipv6_addresses":[["::1"],[],[],[],[],[],[],["fe80::be24:11ff:fe9a:ef9a"]],"keyboard_layout":"en-us","kvm_arguments":"","mac_addresses":["00:00:00:00:00:00","E6:34:DE:9E:91:01","D6:8F:B5:2A:2D:C9","00:00:00:00:00:00","00:00:00:00:00:00","00:00:00:00:00:00","00:00:00:00:00:00","BC:24:11:9A:EF:9A"],"machine":"","memory":[{"dedicated":8192,"floating":0,"hugepages":"","keep_hugepages":false,"shared":0}],"migrate":false,"name":"talos-worker-01","network_device":[{"bridge":"vmbr1","disconnected":false,"enabled":true,"firewall":false,"mac_address":"BC:24:11:9A:EF:9A","model":"virtio","mtu":0,"queues":0,"rate_limit":0,"trunks":"","vlan_id":40}],"network_interface_names":["lo","bond0","dummy0","teql0","tunl0","sit0","ip6tnl0","eth0"],"node_name":"ovh-pve-01","numa":[],"on_boot":true,"operating_system":[{"type":"l26"}],"pool_id":"","protection":false,"purge_on_destroy":true,"reboot":false,"reboot_after_update":true,"rng":[],"scsi_hardware":"virtio-scsi-pci","serial_device":[],"smbios":[],"started":true,"startup":[],"stop_on_destroy":false,"tablet_device":true,"tags":null,"template":false,"timeout_clone":1800,"timeout_create":1800,"timeout_migrate":1800,"timeout_move_disk":1800,"timeout_reboot":1800,"timeout_shutdown_vm":1800,"timeout_start_vm":1800,"timeout_stop_vm":300,"tpm_state":[],"usb":[],"vga":[],"virtiofs":[],"vm_id":103,"watchdog":[]},"sensitive_attributes":[],"private":"bnVsbA=="}]}],"check_results":null}
