{"version":4,"terraform_version":"1.11.4","serial":8,"lineage":"cedc22f0-5530-63d9-c01d-9e0d3dcfea62","outputs":{},"resources":[{"module":"module.talos_cp_01","mode":"managed","type":"proxmox_virtual_environment_vm","name":"talos_node","provider":"module.talos_cp_01.provider[\"registry.opentofu.org/bpg/proxmox\"]","instances":[{"schema_version":0,"attributes":{"acpi":true,"agent":[{"enabled":true,"timeout":"15m","trim":false,"type":"virtio","wait_for_ip":[]}],"amd_sev":[],"audio_device":[],"bios":"seabios","boot_order":["scsi0","ide2"],"cdrom":[{"enabled":false,"file_id":"local:iso/nocloud-amd64.iso","interface":"ide2"}],"clone":[],"cpu":[{"affinity":"","architecture":"","cores":2,"flags":null,"hotplugged":0,"limit":0,"numa":false,"sockets":1,"type":"host","units":0}],"delete_unreferenced_disks_on_destroy":true,"description":"Talos Linux created with OpenTofu","disk":[{"aio":"io_uring","backup":true,"cache":"none","datastore_id":"local-lvm","discard":"on","file_format":"raw","file_id":"","import_from":"","interface":"scsi0","iothread":false,"path_in_datastore":"vm-100-disk-0","replicate":true,"serial":"","size":30,"speed":[],"ssd":false}],"efi_disk":[],"hook_script_file_id":null,"hostpci":[],"hotplug":null,"id":"100","initialization":[{"datastore_id":"","dns":[],"file_format":"","interface":"","ip_config":[{"ipv4":[{"address":"dhcp","gateway":""}],"ipv6":[]}],"meta_data_file_id":"","network_data_file_id":"","type":"","user_account":[],"user_data_file_id":"","vendor_data_file_id":""}],"ipv4_addresses":[["127.0.0.1"],[],[],[],[],[],[],["10.10.0.90"]],"ipv6_addresses":[["::1"],[],[],[],[],[],[],["fe80::be24:11ff:fe80:3b8a"]],"keyboard_layout":"en-us","kvm_arguments":"","mac_addresses":["00:00:00:00:00:00","EE:B7:E1:53:00:EE","86:1C:71:4A:4B:FC","00:00:00:00:00:00","00:00:00:00:00:00","00:00:00:00:00:00","00:00:00:00:00:00","BC:24:11:80:3B:8A"],"machine":"","memory":[{"dedicated":4096,"floating":0,"hugepages":"","keep_hugepages":false,"shared":0}],"migrate":false,"name":"talos-cp-01","network_device":[{"bridge":"vmbr0","disconnected":false,"enabled":true,"firewall":false,"mac_address":"BC:24:11:80:3B:8A","model":"virtio","mtu":0,"queues":0,"rate_limit":0,"trunks":"","vlan_id":10}],"network_interface_names":["lo","bond0","dummy0","teql0","tunl0","sit0","ip6tnl0","eth0"],"node_name":"pve-01","numa":[],"on_boot":true,"operating_system":[{"type":"l26"}],"pool_id":"","protection":false,"purge_on_destroy":true,"reboot":false,"reboot_after_update":true,"rng":[],"scsi_hardware":"virtio-scsi-pci","serial_device":[],"smbios":[],"started":true,"startup":[],"stop_on_destroy":false,"tablet_device":true,"tags":null,"template":false,"timeout_clone":1800,"timeout_create":1800,"timeout_migrate":1800,"timeout_move_disk":1800,"timeout_reboot":1800,"timeout_shutdown_vm":1800,"timeout_start_vm":1800,"timeout_stop_vm":300,"tpm_state":[],"usb":[],"vga":[],"virtiofs":[],"vm_id":100,"watchdog":[]},"sensitive_attributes":[],"private":"bnVsbA=="}]},{"module":"module.talos_worker_01","mode":"managed","type":"proxmox_virtual_environment_vm","name":"talos_node","provider":"module.talos_worker_01.provider[\"registry.opentofu.org/bpg/proxmox\"]","instances":[{"schema_version":0,"attributes":{"acpi":true,"agent":[{"enabled":true,"timeout":"15m","trim":false,"type":"virtio","wait_for_ip":[]}],"amd_sev":[],"audio_device":[],"bios":"seabios","boot_order":["scsi0","ide2"],"cdrom":[{"enabled":false,"file_id":"local:iso/nocloud-amd64.iso","interface":"ide2"}],"clone":[],"cpu":[{"affinity":"","architecture":"","cores":4,"flags":null,"hotplugged":0,"limit":0,"numa":false,"sockets":1,"type":"host","units":0}],"delete_unreferenced_disks_on_destroy":true,"description":"Talos Linux created with OpenTofu","disk":[{"aio":"io_uring","backup":true,"cache":"none","datastore_id":"local-lvm","discard":"on","file_format":"raw","file_id":"","import_from":"","interface":"scsi0","iothread":false,"path_in_datastore":"vm-101-disk-0","replicate":true,"serial":"","size":30,"speed":[],"ssd":false}],"efi_disk":[],"hook_script_file_id":null,"hostpci":[],"hotplug":null,"id":"101","initialization":[{"datastore_id":"","dns":[],"file_format":"","interface":"","ip_config":[{"ipv4":[{"address":"dhcp","gateway":""}],"ipv6":[]}],"meta_data_file_id":"","network_data_file_id":"","type":"","user_account":[],"user_data_file_id":"","vendor_data_file_id":""}],"ipv4_addresses":[["127.0.0.1"],[],[],[],[],[],[],["10.10.0.54"]],"ipv6_addresses":[["::1"],[],[],[],[],[],[],["fe80::be24:11ff:fe65:60d5"]],"keyboard_layout":"en-us","kvm_arguments":"","mac_addresses":["00:00:00:00:00:00","22:A1:85:E9:71:81","4A:67:BE:BF:E5:69","00:00:00:00:00:00","00:00:00:00:00:00","00:00:00:00:00:00","00:00:00:00:00:00","BC:24:11:65:60:D5"],"machine":"","memory":[{"dedicated":8192,"floating":0,"hugepages":"","keep_hugepages":false,"shared":0}],"migrate":false,"name":"talos-worker-01","network_device":[{"bridge":"vmbr0","disconnected":false,"enabled":true,"firewall":false,"mac_address":"BC:24:11:65:60:D5","model":"virtio","mtu":0,"queues":0,"rate_limit":0,"trunks":"","vlan_id":10}],"network_interface_names":["lo","bond0","dummy0","teql0","tunl0","sit0","ip6tnl0","eth0"],"node_name":"pve-01","numa":[],"on_boot":true,"operating_system":[{"type":"l26"}],"pool_id":"","protection":false,"purge_on_destroy":true,"reboot":false,"reboot_after_update":true,"rng":[],"scsi_hardware":"virtio-scsi-pci","serial_device":[],"smbios":[],"started":true,"startup":[],"stop_on_destroy":false,"tablet_device":true,"tags":null,"template":false,"timeout_clone":1800,"timeout_create":1800,"timeout_migrate":1800,"timeout_move_disk":1800,"timeout_reboot":1800,"timeout_shutdown_vm":1800,"timeout_start_vm":1800,"timeout_stop_vm":300,"tpm_state":[],"usb":[],"vga":[],"virtiofs":[],"vm_id":101,"watchdog":[]},"sensitive_attributes":[],"private":"bnVsbA=="}]}],"check_results":null}
