{"version":4,"terraform_version":"1.11.5","serial":28,"lineage":"2f8e5ecc-ae99-9adb-2b6b-aaf2c2b22f49","outputs":{},"resources":[{"module":"module.homelab_admin","mode":"managed","type":"proxmox_virtual_environment_vm","name":"debian_clone","provider":"module.homelab_admin.provider[\"registry.opentofu.org/bpg/proxmox\"]","instances":[{"schema_version":0,"attributes":{"acpi":true,"agent":[{"enabled":true,"timeout":"15m","trim":false,"type":"virtio","wait_for_ip":[]}],"amd_sev":[],"audio_device":[],"bios":"seabios","boot_order":null,"cdrom":[],"clone":[{"datastore_id":"","full":true,"node_name":"","retries":1,"vm_id":9000}],"cpu":[{"affinity":"","architecture":"","cores":2,"flags":null,"hotplugged":0,"limit":0,"numa":false,"sockets":1,"type":"host","units":0}],"delete_unreferenced_disks_on_destroy":true,"description":"Debian created with OpenTofu","disk":[{"aio":"io_uring","backup":true,"cache":"writethrough","datastore_id":"data","discard":"on","file_format":"","file_id":"","import_from":"","interface":"scsi0","iothread":true,"path_in_datastore":"","replicate":true,"serial":"","size":20,"speed":[],"ssd":true}],"efi_disk":[],"hook_script_file_id":null,"hostpci":[],"hotplug":null,"id":"100","initialization":[{"datastore_id":"data","dns":[{"domain":"","servers":["1.1.1.1","8.8.8.8"]}],"file_format":"","interface":"ide0","ip_config":[{"ipv4":[{"address":"10.20.0.10/24","gateway":"10.20.0.1"}],"ipv6":[]}],"meta_data_file_id":"","network_data_file_id":"","type":"","user_account":[{"keys":["ssh-ed25519 AAAAC3NzaC1lZDI1NTE5AAAAILpG9dULIcnNffbBUOt0Y+UImkdPdiTGsmknxmKRS9Ya brico@brub\n"],"password":"root123!","username":"brico"}],"user_data_file_id":"","vendor_data_file_id":""}],"ipv4_addresses":null,"ipv6_addresses":null,"keyboard_layout":"en-us","kvm_arguments":null,"mac_addresses":null,"machine":null,"memory":[{"dedicated":4096,"floating":0,"hugepages":"","keep_hugepages":false,"shared":0}],"migrate":false,"name":"homelab-admin-01","network_device":[{"bridge":"vmbr2","disconnected":false,"enabled":true,"firewall":false,"mac_address":"","model":"virtio","mtu":0,"queues":0,"rate_limit":0,"trunks":"","vlan_id":20}],"network_interface_names":null,"node_name":"ovh-pve-01","numa":[],"on_boot":true,"operating_system":[],"pool_id":null,"protection":false,"purge_on_destroy":true,"reboot":false,"reboot_after_update":true,"rng":[],"scsi_hardware":"virtio-scsi-pci","serial_device":[],"smbios":[],"started":true,"startup":[],"stop_on_destroy":false,"tablet_device":true,"tags":null,"template":false,"timeout_clone":1800,"timeout_create":1800,"timeout_migrate":1800,"timeout_move_disk":1800,"timeout_reboot":1800,"timeout_shutdown_vm":1800,"timeout_start_vm":1800,"timeout_stop_vm":300,"tpm_state":[],"usb":[],"vga":null,"virtiofs":[],"vm_id":100,"watchdog":[]},"sensitive_attributes":[[{"type":"get_attr","value":"initialization"},{"type":"index","value":{"value":0,"type":"number"}},{"type":"get_attr","value":"user_account"},{"type":"index","value":{"value":0,"type":"number"}},{"type":"get_attr","value":"password"}]],"private":"bnVsbA=="}]},{"module":"module.homelab_firewall","mode":"managed","type":"proxmox_virtual_environment_vm","name":"debian_clone","provider":"module.homelab_firewall.provider[\"registry.opentofu.org/bpg/proxmox\"]","instances":[{"schema_version":0,"attributes":{"acpi":true,"agent":[{"enabled":true,"timeout":"15m","trim":false,"type":"virtio","wait_for_ip":[]}],"amd_sev":[],"audio_device":[],"bios":"seabios","boot_order":null,"cdrom":[],"clone":[{"datastore_id":"","full":true,"node_name":"","retries":1,"vm_id":9000}],"cpu":[{"affinity":"","architecture":"","cores":2,"flags":null,"hotplugged":0,"limit":0,"numa":false,"sockets":1,"type":"host","units":0}],"delete_unreferenced_disks_on_destroy":true,"description":"Debian created with OpenTofu","disk":[{"aio":"io_uring","backup":true,"cache":"writethrough","datastore_id":"data","discard":"on","file_format":"","file_id":"","import_from":"","interface":"scsi0","iothread":true,"path_in_datastore":"","replicate":true,"serial":"","size":20,"speed":[],"ssd":true}],"efi_disk":[],"hook_script_file_id":null,"hostpci":[],"hotplug":null,"id":"102","initialization":[{"datastore_id":"data","dns":[{"domain":"","servers":["1.1.1.1","8.8.8.8"]}],"file_format":"","interface":"ide0","ip_config":[{"ipv4":[{"address":"10.10.0.1/24","gateway":""}],"ipv6":[]},{"ipv4":[{"address":"192.168.10.2/29","gateway":"192.168.10.1"}],"ipv6":[]}],"meta_data_file_id":"","network_data_file_id":"","type":"","user_account":[{"keys":["ssh-ed25519 AAAAC3NzaC1lZDI1NTE5AAAAILpG9dULIcnNffbBUOt0Y+UImkdPdiTGsmknxmKRS9Ya brico@brub\n"],"password":"root123!","username":"brico"}],"user_data_file_id":"","vendor_data_file_id":""}],"ipv4_addresses":null,"ipv6_addresses":null,"keyboard_layout":"en-us","kvm_arguments":null,"mac_addresses":null,"machine":null,"memory":[{"dedicated":4096,"floating":0,"hugepages":"","keep_hugepages":false,"shared":0}],"migrate":false,"name":"homelab-firewall-01","network_device":[{"bridge":"vmbr2","disconnected":false,"enabled":true,"firewall":false,"mac_address":"","model":"virtio","mtu":0,"queues":0,"rate_limit":0,"trunks":"","vlan_id":0},{"bridge":"vmbr1","disconnected":false,"enabled":true,"firewall":false,"mac_address":"","model":"virtio","mtu":0,"queues":0,"rate_limit":0,"trunks":"","vlan_id":0}],"network_interface_names":null,"node_name":"ovh-pve-01","numa":[],"on_boot":true,"operating_system":[],"pool_id":null,"protection":false,"purge_on_destroy":true,"reboot":false,"reboot_after_update":true,"rng":[],"scsi_hardware":"virtio-scsi-pci","serial_device":[],"smbios":[],"started":true,"startup":[],"stop_on_destroy":false,"tablet_device":true,"tags":null,"template":false,"timeout_clone":1800,"timeout_create":1800,"timeout_migrate":1800,"timeout_move_disk":1800,"timeout_reboot":1800,"timeout_shutdown_vm":1800,"timeout_start_vm":1800,"timeout_stop_vm":300,"tpm_state":[],"usb":[],"vga":null,"virtiofs":[],"vm_id":102,"watchdog":[]},"sensitive_attributes":[[{"type":"get_attr","value":"initialization"},{"type":"index","value":{"value":0,"type":"number"}},{"type":"get_attr","value":"user_account"},{"type":"index","value":{"value":0,"type":"number"}},{"type":"get_attr","value":"password"}]],"private":"bnVsbA=="}]},{"module":"module.homelab_pihole","mode":"managed","type":"proxmox_virtual_environment_vm","name":"debian_clone","provider":"module.homelab_pihole.provider[\"registry.opentofu.org/bpg/proxmox\"]","instances":[{"schema_version":0,"attributes":{"acpi":true,"agent":[{"enabled":true,"timeout":"15m","trim":false,"type":"virtio","wait_for_ip":[]}],"amd_sev":[],"audio_device":[],"bios":"seabios","boot_order":null,"cdrom":[],"clone":[{"datastore_id":"","full":true,"node_name":"","retries":1,"vm_id":9000}],"cpu":[{"affinity":"","architecture":"","cores":2,"flags":null,"hotplugged":0,"limit":0,"numa":false,"sockets":1,"type":"host","units":0}],"delete_unreferenced_disks_on_destroy":true,"description":"Debian created with OpenTofu","disk":[{"aio":"io_uring","backup":true,"cache":"writethrough","datastore_id":"data","discard":"on","file_format":"","file_id":"","import_from":"","interface":"scsi0","iothread":true,"path_in_datastore":"","replicate":true,"serial":"","size":20,"speed":[],"ssd":true}],"efi_disk":[],"hook_script_file_id":null,"hostpci":[],"hotplug":null,"id":"101","initialization":[{"datastore_id":"data","dns":[{"domain":"","servers":["1.1.1.1","8.8.8.8"]}],"file_format":"","interface":"ide0","ip_config":[{"ipv4":[{"address":"10.10.0.10/24","gateway":"10.10.0.1"}],"ipv6":[]},{"ipv4":[{"address":"192.168.10.3/29","gateway":"192.168.10.1"}],"ipv6":[]}],"meta_data_file_id":"","network_data_file_id":"","type":"","user_account":[{"keys":["ssh-ed25519 AAAAC3NzaC1lZDI1NTE5AAAAILpG9dULIcnNffbBUOt0Y+UImkdPdiTGsmknxmKRS9Ya brico@brub\n"],"password":"root123!","username":"brico"}],"user_data_file_id":"","vendor_data_file_id":""}],"ipv4_addresses":null,"ipv6_addresses":null,"keyboard_layout":"en-us","kvm_arguments":null,"mac_addresses":null,"machine":null,"memory":[{"dedicated":4096,"floating":0,"hugepages":"","keep_hugepages":false,"shared":0}],"migrate":false,"name":"homelab-pihole-01","network_device":[{"bridge":"vmbr2","disconnected":false,"enabled":true,"firewall":false,"mac_address":"","model":"virtio","mtu":0,"queues":0,"rate_limit":0,"trunks":"","vlan_id":10},{"bridge":"vmbr1","disconnected":false,"enabled":true,"firewall":false,"mac_address":"","model":"virtio","mtu":0,"queues":0,"rate_limit":0,"trunks":"","vlan_id":0}],"network_interface_names":null,"node_name":"ovh-pve-01","numa":[],"on_boot":true,"operating_system":[],"pool_id":null,"protection":false,"purge_on_destroy":true,"reboot":false,"reboot_after_update":true,"rng":[],"scsi_hardware":"virtio-scsi-pci","serial_device":[],"smbios":[],"started":true,"startup":[],"stop_on_destroy":false,"tablet_device":true,"tags":null,"template":false,"timeout_clone":1800,"timeout_create":1800,"timeout_migrate":1800,"timeout_move_disk":1800,"timeout_reboot":1800,"timeout_shutdown_vm":1800,"timeout_start_vm":1800,"timeout_stop_vm":300,"tpm_state":[],"usb":[],"vga":null,"virtiofs":[],"vm_id":101,"watchdog":[]},"sensitive_attributes":[[{"type":"get_attr","value":"initialization"},{"type":"index","value":{"value":0,"type":"number"}},{"type":"get_attr","value":"user_account"},{"type":"index","value":{"value":0,"type":"number"}},{"type":"get_attr","value":"password"}]],"private":"bnVsbA=="}]},{"module":"module.homelab_vpn","mode":"managed","type":"proxmox_virtual_environment_vm","name":"debian_clone","provider":"module.homelab_vpn.provider[\"registry.opentofu.org/bpg/proxmox\"]","instances":[{"schema_version":0,"attributes":{"acpi":true,"agent":[{"enabled":true,"timeout":"15m","trim":false,"type":"virtio","wait_for_ip":[]}],"amd_sev":[],"audio_device":[],"bios":"seabios","boot_order":null,"cdrom":[],"clone":[{"datastore_id":"","full":true,"node_name":"","retries":1,"vm_id":9000}],"cpu":[{"affinity":"","architecture":"","cores":2,"flags":null,"hotplugged":0,"limit":0,"numa":false,"sockets":1,"type":"host","units":0}],"delete_unreferenced_disks_on_destroy":true,"description":"Debian created with OpenTofu","disk":[{"aio":"io_uring","backup":true,"cache":"writethrough","datastore_id":"data","discard":"on","file_format":"","file_id":"","import_from":"","interface":"scsi0","iothread":true,"path_in_datastore":"","replicate":true,"serial":"","size":20,"speed":[],"ssd":true}],"efi_disk":[],"hook_script_file_id":null,"hostpci":[],"hotplug":null,"id":"103","initialization":[{"datastore_id":"data","dns":[{"domain":"","servers":["1.1.1.1","8.8.8.8"]}],"file_format":"","interface":"ide0","ip_config":[{"ipv4":[{"address":"10.30.0.10/24","gateway":"10.30.0.1"}],"ipv6":[]}],"meta_data_file_id":"","network_data_file_id":"","type":"","user_account":[{"keys":["ssh-ed25519 AAAAC3NzaC1lZDI1NTE5AAAAILpG9dULIcnNffbBUOt0Y+UImkdPdiTGsmknxmKRS9Ya brico@brub\n"],"password":"root123!","username":"brico"}],"user_data_file_id":"","vendor_data_file_id":""}],"ipv4_addresses":null,"ipv6_addresses":null,"keyboard_layout":"en-us","kvm_arguments":null,"mac_addresses":null,"machine":null,"memory":[{"dedicated":4096,"floating":0,"hugepages":"","keep_hugepages":false,"shared":0}],"migrate":false,"name":"homelab-vpn-01","network_device":[{"bridge":"vmbr2","disconnected":false,"enabled":true,"firewall":false,"mac_address":"","model":"virtio","mtu":0,"queues":0,"rate_limit":0,"trunks":"","vlan_id":30}],"network_interface_names":null,"node_name":"ovh-pve-01","numa":[],"on_boot":true,"operating_system":[],"pool_id":null,"protection":false,"purge_on_destroy":true,"reboot":false,"reboot_after_update":true,"rng":[],"scsi_hardware":"virtio-scsi-pci","serial_device":[],"smbios":[],"started":true,"startup":[],"stop_on_destroy":false,"tablet_device":true,"tags":null,"template":false,"timeout_clone":1800,"timeout_create":1800,"timeout_migrate":1800,"timeout_move_disk":1800,"timeout_reboot":1800,"timeout_shutdown_vm":1800,"timeout_start_vm":1800,"timeout_stop_vm":300,"tpm_state":[],"usb":[],"vga":null,"virtiofs":[],"vm_id":103,"watchdog":[]},"sensitive_attributes":[[{"type":"get_attr","value":"initialization"},{"type":"index","value":{"value":0,"type":"number"}},{"type":"get_attr","value":"user_account"},{"type":"index","value":{"value":0,"type":"number"}},{"type":"get_attr","value":"password"}]],"private":"bnVsbA=="}]}],"check_results":null}
